
Microsoft Visual Studio Solution File, Format Version 12.00
# Visual Studio 15
VisualStudioVersion = 15.0.28307.168
MinimumVisualStudioVersion = 10.0.40219.1
Project("***REMOVED***FAE04EC0-301F-11D3-BF4B-00C04F79EFBC***REMOVED***") = "SailawayToNMEA", "SailawayToNMEA.csproj", "***REMOVED***9D4B2FB5-BCF7-4436-A7F3-F9B0A38FDFB9***REMOVED***"
EndProject
Global
	GlobalSection(SolutionConfigurationPlatforms) = preSolution
		Debug|Any CPU = Debug|Any CPU
		Release|Any CPU = Release|Any CPU
	EndGlobalSection
	GlobalSection(ProjectConfigurationPlatforms) = postSolution
		***REMOVED***9D4B2FB5-BCF7-4436-A7F3-F9B0A38FDFB9***REMOVED***.Debug|Any CPU.ActiveCfg = Debug|Any CPU
		***REMOVED***9D4B2FB5-BCF7-4436-A7F3-F9B0A38FDFB9***REMOVED***.Debug|Any CPU.Build.0 = Debug|Any CPU
		***REMOVED***9D4B2FB5-BCF7-4436-A7F3-F9B0A38FDFB9***REMOVED***.Release|Any CPU.ActiveCfg = Release|Any CPU
		***REMOVED***9D4B2FB5-BCF7-4436-A7F3-F9B0A38FDFB9***REMOVED***.Release|Any CPU.Build.0 = Release|Any CPU
	EndGlobalSection
	GlobalSection(SolutionProperties) = preSolution
		HideSolutionNode = FALSE
	EndGlobalSection
	GlobalSection(ExtensibilityGlobals) = postSolution
		SolutionGuid = ***REMOVED***52792002-B959-4296-A4BD-C2275C124322***REMOVED***
	EndGlobalSection
EndGlobal
